
Microsoft Visual Studio Solution File, Format Version 12.00
# Visual Studio 15
VisualStudioVersion = 15.0.27004.2002
MinimumVisualStudioVersion = 10.0.40219.1
Project("{FAE04EC0-301F-11D3-BF4B-00C04F79EFBC}") = "WhichDirection", "WhichDirection\WhichDirection.csproj", "{8374E12F-8FAE-440D-8458-27D9E0C81772}"
EndProject
Project("{FAE04EC0-301F-11D3-BF4B-00C04F79EFBC}") = "WhichDirection.Domain", "WhichDirection.Domain\WhichDirection.Domain.csproj", "{90742F4A-621D-4E0F-B663-A099F3D8B0FE}"
EndProject
Project("{FAE04EC0-301F-11D3-BF4B-00C04F79EFBC}") = "WhichDirection.Core", "WhichDirection.Core\WhichDirection.Core.csproj", "{0B6E732C-4E4B-4671-A7FB-2F99BA5CC095}"
EndProject
Project("{FAE04EC0-301F-11D3-BF4B-00C04F79EFBC}") = "Test", "Test\Test.csproj", "{6CD55D55-31ED-44D0-B533-998E78BF3D4A}"
EndProject
Global
	GlobalSection(SolutionConfigurationPlatforms) = preSolution
		Debug|Any CPU = Debug|Any CPU
		Release|Any CPU = Release|Any CPU
	EndGlobalSection
	GlobalSection(ProjectConfigurationPlatforms) = postSolution
		{8374E12F-8FAE-440D-8458-27D9E0C81772}.Debug|Any CPU.ActiveCfg = Debug|Any CPU
		{8374E12F-8FAE-440D-8458-27D9E0C81772}.Debug|Any CPU.Build.0 = Debug|Any CPU
		{8374E12F-8FAE-440D-8458-27D9E0C81772}.Release|Any CPU.ActiveCfg = Release|Any CPU
		{8374E12F-8FAE-440D-8458-27D9E0C81772}.Release|Any CPU.Build.0 = Release|Any CPU
		{90742F4A-621D-4E0F-B663-A099F3D8B0FE}.Debug|Any CPU.ActiveCfg = Debug|Any CPU
		{90742F4A-621D-4E0F-B663-A099F3D8B0FE}.Debug|Any CPU.Build.0 = Debug|Any CPU
		{90742F4A-621D-4E0F-B663-A099F3D8B0FE}.Release|Any CPU.ActiveCfg = Release|Any CPU
		{90742F4A-621D-4E0F-B663-A099F3D8B0FE}.Release|Any CPU.Build.0 = Release|Any CPU
		{0B6E732C-4E4B-4671-A7FB-2F99BA5CC095}.Debug|Any CPU.ActiveCfg = Debug|Any CPU
		{0B6E732C-4E4B-4671-A7FB-2F99BA5CC095}.Debug|Any CPU.Build.0 = Debug|Any CPU
		{0B6E732C-4E4B-4671-A7FB-2F99BA5CC095}.Release|Any CPU.ActiveCfg = Release|Any CPU
		{0B6E732C-4E4B-4671-A7FB-2F99BA5CC095}.Release|Any CPU.Build.0 = Release|Any CPU
		{6CD55D55-31ED-44D0-B533-998E78BF3D4A}.Debug|Any CPU.ActiveCfg = Debug|Any CPU
		{6CD55D55-31ED-44D0-B533-998E78BF3D4A}.Debug|Any CPU.Build.0 = Debug|Any CPU
		{6CD55D55-31ED-44D0-B533-998E78BF3D4A}.Release|Any CPU.ActiveCfg = Release|Any CPU
		{6CD55D55-31ED-44D0-B533-998E78BF3D4A}.Release|Any CPU.Build.0 = Release|Any CPU
	EndGlobalSection
	GlobalSection(SolutionProperties) = preSolution
		HideSolutionNode = FALSE
	EndGlobalSection
	GlobalSection(ExtensibilityGlobals) = postSolution
		SolutionGuid = {81A4DD0F-EC12-434B-BFE1-371CFB666386}
	EndGlobalSection
EndGlobal
